
Microsoft Visual Studio Solution File, Format Version 12.00
# Visual Studio 15
VisualStudioVersion = 15.0.28307.2017
MinimumVisualStudioVersion = 10.0.40219.1
Project("{FAE04EC0-301F-11D3-BF4B-00C04F79EFBC}") = "DataAccess", "DataAccess\DataAccess.csproj", "{958094B7-1222-4429-8C22-801A7700635B}"
EndProject
Project("{FAE04EC0-301F-11D3-BF4B-00C04F79EFBC}") = "Business", "Business\Business.csproj", "{277AEE9D-7611-4D5B-9038-92CB239B1345}"
EndProject
Project("{FAE04EC0-301F-11D3-BF4B-00C04F79EFBC}") = "Entities", "Entities\Entities.csproj", "{F6041105-2AC2-470B-A6A6-9AD2BD6D00FA}"
EndProject
Project("{FAE04EC0-301F-11D3-BF4B-00C04F79EFBC}") = "ConsoleUI", "ConsoleUI\ConsoleUI.csproj", "{A66CD644-CA70-4E03-9383-F4E9CD321767}"
EndProject
Global
	GlobalSection(SolutionConfigurationPlatforms) = preSolution
		Debug|Any CPU = Debug|Any CPU
		Release|Any CPU = Release|Any CPU
	EndGlobalSection
	GlobalSection(ProjectConfigurationPlatforms) = postSolution
		{958094B7-1222-4429-8C22-801A7700635B}.Debug|Any CPU.ActiveCfg = Debug|Any CPU
		{958094B7-1222-4429-8C22-801A7700635B}.Debug|Any CPU.Build.0 = Debug|Any CPU
		{958094B7-1222-4429-8C22-801A7700635B}.Release|Any CPU.ActiveCfg = Release|Any CPU
		{958094B7-1222-4429-8C22-801A7700635B}.Release|Any CPU.Build.0 = Release|Any CPU
		{277AEE9D-7611-4D5B-9038-92CB239B1345}.Debug|Any CPU.ActiveCfg = Debug|Any CPU
		{277AEE9D-7611-4D5B-9038-92CB239B1345}.Debug|Any CPU.Build.0 = Debug|Any CPU
		{277AEE9D-7611-4D5B-9038-92CB239B1345}.Release|Any CPU.ActiveCfg = Release|Any CPU
		{277AEE9D-7611-4D5B-9038-92CB239B1345}.Release|Any CPU.Build.0 = Release|Any CPU
		{F6041105-2AC2-470B-A6A6-9AD2BD6D00FA}.Debug|Any CPU.ActiveCfg = Debug|Any CPU
		{F6041105-2AC2-470B-A6A6-9AD2BD6D00FA}.Debug|Any CPU.Build.0 = Debug|Any CPU
		{F6041105-2AC2-470B-A6A6-9AD2BD6D00FA}.Release|Any CPU.ActiveCfg = Release|Any CPU
		{F6041105-2AC2-470B-A6A6-9AD2BD6D00FA}.Release|Any CPU.Build.0 = Release|Any CPU
		{A66CD644-CA70-4E03-9383-F4E9CD321767}.Debug|Any CPU.ActiveCfg = Debug|Any CPU
		{A66CD644-CA70-4E03-9383-F4E9CD321767}.Debug|Any CPU.Build.0 = Debug|Any CPU
		{A66CD644-CA70-4E03-9383-F4E9CD321767}.Release|Any CPU.ActiveCfg = Release|Any CPU
		{A66CD644-CA70-4E03-9383-F4E9CD321767}.Release|Any CPU.Build.0 = Release|Any CPU
	EndGlobalSection
	GlobalSection(SolutionProperties) = preSolution
		HideSolutionNode = FALSE
	EndGlobalSection
	GlobalSection(ExtensibilityGlobals) = postSolution
		SolutionGuid = {74E7A3B5-DF67-4E82-9DF0-9EC90FCFE3FA}
	EndGlobalSection
EndGlobal
